
Microsoft Visual Studio Solution File, Format Version 12.00
# Visual Studio Version 17
VisualStudioVersion = 17.12.35506.116
MinimumVisualStudioVersion = 10.0.40219.1
Project("{FAE04EC0-301F-11D3-BF4B-00C04F79EFBC}") = "Bai2.1", "Bai2.1.csproj", "{DFFBFF9A-FC50-46BC-851F-9A44CE49D655}"
EndProject
Project("{FAE04EC0-301F-11D3-BF4B-00C04F79EFBC}") = "bai2.2", "..\bai2.2\bai2.2.csproj", "{DB0CDA18-2E09-466B-9C75-C1EEB1839A5B}"
EndProject
Project("{FAE04EC0-301F-11D3-BF4B-00C04F79EFBC}") = "bai2.3", "..\bai2.3\bai2.3.csproj", "{9AEE7A77-9675-4DC5-A125-E6FAC28847CD}"
EndProject
Project("{FAE04EC0-301F-11D3-BF4B-00C04F79EFBC}") = "bai2.4", "..\bai2.4\bai2.4.csproj", "{1814CC37-D773-4ED1-A70C-BE0ACABF524D}"
EndProject
Global
	GlobalSection(SolutionConfigurationPlatforms) = preSolution
		Debug|Any CPU = Debug|Any CPU
		Release|Any CPU = Release|Any CPU
	EndGlobalSection
	GlobalSection(ProjectConfigurationPlatforms) = postSolution
		{DFFBFF9A-FC50-46BC-851F-9A44CE49D655}.Debug|Any CPU.ActiveCfg = Debug|Any CPU
		{DFFBFF9A-FC50-46BC-851F-9A44CE49D655}.Debug|Any CPU.Build.0 = Debug|Any CPU
		{DFFBFF9A-FC50-46BC-851F-9A44CE49D655}.Release|Any CPU.ActiveCfg = Release|Any CPU
		{DFFBFF9A-FC50-46BC-851F-9A44CE49D655}.Release|Any CPU.Build.0 = Release|Any CPU
		{DB0CDA18-2E09-466B-9C75-C1EEB1839A5B}.Debug|Any CPU.ActiveCfg = Debug|Any CPU
		{DB0CDA18-2E09-466B-9C75-C1EEB1839A5B}.Debug|Any CPU.Build.0 = Debug|Any CPU
		{DB0CDA18-2E09-466B-9C75-C1EEB1839A5B}.Release|Any CPU.ActiveCfg = Release|Any CPU
		{DB0CDA18-2E09-466B-9C75-C1EEB1839A5B}.Release|Any CPU.Build.0 = Release|Any CPU
		{9AEE7A77-9675-4DC5-A125-E6FAC28847CD}.Debug|Any CPU.ActiveCfg = Debug|Any CPU
		{9AEE7A77-9675-4DC5-A125-E6FAC28847CD}.Debug|Any CPU.Build.0 = Debug|Any CPU
		{9AEE7A77-9675-4DC5-A125-E6FAC28847CD}.Release|Any CPU.ActiveCfg = Release|Any CPU
		{9AEE7A77-9675-4DC5-A125-E6FAC28847CD}.Release|Any CPU.Build.0 = Release|Any CPU
		{1814CC37-D773-4ED1-A70C-BE0ACABF524D}.Debug|Any CPU.ActiveCfg = Debug|Any CPU
		{1814CC37-D773-4ED1-A70C-BE0ACABF524D}.Debug|Any CPU.Build.0 = Debug|Any CPU
		{1814CC37-D773-4ED1-A70C-BE0ACABF524D}.Release|Any CPU.ActiveCfg = Release|Any CPU
		{1814CC37-D773-4ED1-A70C-BE0ACABF524D}.Release|Any CPU.Build.0 = Release|Any CPU
	EndGlobalSection
	GlobalSection(SolutionProperties) = preSolution
		HideSolutionNode = FALSE
	EndGlobalSection
EndGlobal
